
Microsoft Visual Studio Solution File, Format Version 12.00
# Visual Studio 15
VisualStudioVersion = 15.0.27130.2027
MinimumVisualStudioVersion = 10.0.40219.1
Project("{FAE04EC0-301F-11D3-BF4B-00C04F79EFBC}") = "semaforoproyecto", "semaforoproyecto\semaforoproyecto.csproj", "{773A68ED-CAE2-47DF-81DF-4DF31F195A21}"
EndProject
Global
	GlobalSection(SolutionConfigurationPlatforms) = preSolution
		Debug|Any CPU = Debug|Any CPU
		Release|Any CPU = Release|Any CPU
	EndGlobalSection
	GlobalSection(ProjectConfigurationPlatforms) = postSolution
		{773A68ED-CAE2-47DF-81DF-4DF31F195A21}.Debug|Any CPU.ActiveCfg = Debug|Any CPU
		{773A68ED-CAE2-47DF-81DF-4DF31F195A21}.Debug|Any CPU.Build.0 = Debug|Any CPU
		{773A68ED-CAE2-47DF-81DF-4DF31F195A21}.Release|Any CPU.ActiveCfg = Release|Any CPU
		{773A68ED-CAE2-47DF-81DF-4DF31F195A21}.Release|Any CPU.Build.0 = Release|Any CPU
	EndGlobalSection
	GlobalSection(SolutionProperties) = preSolution
		HideSolutionNode = FALSE
	EndGlobalSection
	GlobalSection(ExtensibilityGlobals) = postSolution
		SolutionGuid = {10D467E4-04AF-4010-B6F7-EB473C3537B9}
	EndGlobalSection
EndGlobal
